PODS:
  - Flutter (1.0.0)
  - unity_kit (0.9.1):
    - Flutter

DEPENDENCIES:
  - Flutter (from `Flutter`)
  - unity_kit (from `.symlinks/plugins/unity_kit/ios`)

EXTERNAL SOURCES:
  Flutter:
    :path: Flutter
  unity_kit:
    :path: ".symlinks/plugins/unity_kit/ios"

SPEC CHECKSUMS:
  Flutter: cabc95a1d2626b1b06e7179b784ebcf0c0cde467
  unity_kit: 40be7728c12777c1649862f73828d6549603a113

PODFILE CHECKSUM: 3c63482e143d1b91d2d2560aee9fb04ecc74ac7e

COCOAPODS: 1.16.2
